
Microsoft Visual Studio Solution File, Format Version 12.00
# Visual Studio 15
VisualStudioVersion = 15.0.28010.2048
MinimumVisualStudioVersion = 10.0.40219.1
Project("{FAE04EC0-301F-11D3-BF4B-00C04F79EFBC}") = "PocketLib", "PocketLib\PocketLib.csproj", "{DC42789D-39BC-4F1B-AFA5-B3CF373A239A}"
EndProject
Global
	GlobalSection(SolutionConfigurationPlatforms) = preSolution
		Debug|Any CPU = Debug|Any CPU
		Release|Any CPU = Release|Any CPU
	EndGlobalSection
	GlobalSection(ProjectConfigurationPlatforms) = postSolution
		{DC42789D-39BC-4F1B-AFA5-B3CF373A239A}.Debug|Any CPU.ActiveCfg = Debug|Any CPU
		{DC42789D-39BC-4F1B-AFA5-B3CF373A239A}.Debug|Any CPU.Build.0 = Debug|Any CPU
		{DC42789D-39BC-4F1B-AFA5-B3CF373A239A}.Release|Any CPU.ActiveCfg = Release|Any CPU
		{DC42789D-39BC-4F1B-AFA5-B3CF373A239A}.Release|Any CPU.Build.0 = Release|Any CPU
	EndGlobalSection
	GlobalSection(SolutionProperties) = preSolution
		HideSolutionNode = FALSE
	EndGlobalSection
	GlobalSection(ExtensibilityGlobals) = postSolution
		SolutionGuid = {47B5DDF9-3D66-4E46-80D9-6871A78183A0}
	EndGlobalSection
EndGlobal
